
Microsoft Visual Studio Solution File, Format Version 12.00
Project("{2150E333-8FDC-42A3-9474-1A3956D46DE8}") = "src", "src", "{E4C72C35-AA59-4007-8AC3-BC0446689EC9}"
EndProject
Project("{FAE04EC0-301F-11D3-BF4B-00C04F79EFBC}") = "AwsOrleans.Host", "src\AwsOrleans.Host\AwsOrleans.Host.csproj", "{E24F6A81-7F0B-4809-9E3A-43A216275691}"
EndProject
Project("{FAE04EC0-301F-11D3-BF4B-00C04F79EFBC}") = "AwsOrleans.Abstractions", "src\AwsOrleans.Abstractions\AwsOrleans.Abstractions.csproj", "{BA59CB79-CFE4-487B-96DD-45EDFEBC37D6}"
EndProject
Project("{FAE04EC0-301F-11D3-BF4B-00C04F79EFBC}") = "AwsOrleans.Directory", "src\AwsOrleans.Directory\AwsOrleans.Directory.csproj", "{D89A284E-A720-4661-81CF-09F07ED19DE3}"
EndProject
Global
	GlobalSection(SolutionConfigurationPlatforms) = preSolution
		Debug|Any CPU = Debug|Any CPU
		Release|Any CPU = Release|Any CPU
	EndGlobalSection
	GlobalSection(ProjectConfigurationPlatforms) = postSolution
		{E24F6A81-7F0B-4809-9E3A-43A216275691}.Debug|Any CPU.ActiveCfg = Debug|Any CPU
		{E24F6A81-7F0B-4809-9E3A-43A216275691}.Debug|Any CPU.Build.0 = Debug|Any CPU
		{E24F6A81-7F0B-4809-9E3A-43A216275691}.Release|Any CPU.ActiveCfg = Release|Any CPU
		{E24F6A81-7F0B-4809-9E3A-43A216275691}.Release|Any CPU.Build.0 = Release|Any CPU
		{BA59CB79-CFE4-487B-96DD-45EDFEBC37D6}.Debug|Any CPU.ActiveCfg = Debug|Any CPU
		{BA59CB79-CFE4-487B-96DD-45EDFEBC37D6}.Debug|Any CPU.Build.0 = Debug|Any CPU
		{BA59CB79-CFE4-487B-96DD-45EDFEBC37D6}.Release|Any CPU.ActiveCfg = Release|Any CPU
		{BA59CB79-CFE4-487B-96DD-45EDFEBC37D6}.Release|Any CPU.Build.0 = Release|Any CPU
		{D89A284E-A720-4661-81CF-09F07ED19DE3}.Debug|Any CPU.ActiveCfg = Debug|Any CPU
		{D89A284E-A720-4661-81CF-09F07ED19DE3}.Debug|Any CPU.Build.0 = Debug|Any CPU
		{D89A284E-A720-4661-81CF-09F07ED19DE3}.Release|Any CPU.ActiveCfg = Release|Any CPU
		{D89A284E-A720-4661-81CF-09F07ED19DE3}.Release|Any CPU.Build.0 = Release|Any CPU
	EndGlobalSection
	GlobalSection(NestedProjects) = preSolution
		{E24F6A81-7F0B-4809-9E3A-43A216275691} = {E4C72C35-AA59-4007-8AC3-BC0446689EC9}
		{BA59CB79-CFE4-487B-96DD-45EDFEBC37D6} = {E4C72C35-AA59-4007-8AC3-BC0446689EC9}
		{D89A284E-A720-4661-81CF-09F07ED19DE3} = {E4C72C35-AA59-4007-8AC3-BC0446689EC9}
	EndGlobalSection
EndGlobal
